// !$*UTF8*$!
{
	archiveVersion = 1;
	classes = {
	};
	objectVersion = 48;
	objects = {

/* Begin PBXBuildFile section */
		B9CFF6502040D0EB00D1D58A /* AppDelegate.swift in Sources */ = {isa = PBXBuildFile; fileRef = B9CFF64F2040D0EB00D1D58A /* AppDelegate.swift */; };
		B9CFF6522040D0EB00D1D58A /* GameScene.sks in Resources */ = {isa = PBXBuildFile; fileRef = B9CFF6512040D0EB00D1D58A /* GameScene.sks */; };
		B9CFF6542040D0EB00D1D58A /* Actions.sks in Resources */ = {isa = PBXBuildFile; fileRef = B9CFF6532040D0EB00D1D58A /* Actions.sks */; };
		B9CFF6562040D0EB00D1D58A /* GameScene.swift in Sources */ = {isa = PBXBuildFile; fileRef = B9CFF6552040D0EB00D1D58A /* GameScene.swift */; };
		B9CFF6582040D0EB00D1D58A /* GameViewController.swift in Sources */ = {isa = PBXBuildFile; fileRef = B9CFF6572040D0EB00D1D58A /* GameViewController.swift */; };
		B9CFF65B2040D0EB00D1D58A /* Main.storyboard in Resources */ = {isa = PBXBuildFile; fileRef = B9CFF6592040D0EB00D1D58A /* Main.storyboard */; };
		B9CFF65D2040D0EB00D1D58A /* Assets.xcassets in Resources */ = {isa = PBXBuildFile; fileRef = B9CFF65C2040D0EB00D1D58A /* Assets.xcassets */; };
		B9CFF6602040D0EB00D1D58A /* LaunchScreen.storyboard in Resources */ = {isa = PBXBuildFile; fileRef = B9CFF65E2040D0EB00D1D58A /* LaunchScreen.storyboard */; };
		B9CFF6862040D13D00D1D58A /* sfx_swipe.caf in Resources */ = {isa = PBXBuildFile; fileRef = B9CFF6852040D13D00D1D58A /* sfx_swipe.caf */; };
		B9CFF6882040D14E00D1D58A /* MSButton.swift in Sources */ = {isa = PBXBuildFile; fileRef = B9CFF6872040D14E00D1D58A /* MSButton.swift */; };
		B9CFF68A2040D2F400D1D58A /* assets.atlas in Resources */ = {isa = PBXBuildFile; fileRef = B9CFF6892040D2F400D1D58A /* assets.atlas */; };
		B9FE4A2E2040EFAA004804C3 /* SushiPiece.swift in Sources */ = {isa = PBXBuildFile; fileRef = B9FE4A2D2040EFAA004804C3 /* SushiPiece.swift */; };
/* End PBXBuildFile section */

/* Begin PBXFileReference section */
		B9CFF64C2040D0EB00D1D58A /* SushiNeko.app */ = {isa = PBXFileReference; explicitFileType = wrapper.application; includeInIndex = 0; path = SushiNeko.app; sourceTree = BUILT_PRODUCTS_DIR; };
		B9CFF64F2040D0EB00D1D58A /* AppDelegate.swift */ = {isa = PBXFileReference; lastKnownFileType = sourcecode.swift; path = AppDelegate.swift; sourceTree = "<group>"; };
		B9CFF6512040D0EB00D1D58A /* GameScene.sks */ = {isa = PBXFileReference; lastKnownFileType = file.sks; path = GameScene.sks; sourceTree = "<group>"; };
		B9CFF6532040D0EB00D1D58A /* Actions.sks */ = {isa = PBXFileReference; lastKnownFileType = file.sks; path = Actions.sks; sourceTree = "<group>"; };
		B9CFF6552040D0EB00D1D58A /* GameScene.swift */ = {isa = PBXFileReference; lastKnownFileType = sourcecode.swift; path = GameScene.swift; sourceTree = "<group>"; };
		B9CFF6572040D0EB00D1D58A /* GameViewController.swift */ = {isa = PBXFileReference; lastKnownFileType = sourcecode.swift; path = GameViewController.swift; sourceTree = "<group>"; };
		B9CFF65A2040D0EB00D1D58A /* Base */ = {isa = PBXFileReference; lastKnownFileType = file.storyboard; name = Base; path = Base.lproj/Main.storyboard; sourceTree = "<group>"; };
		B9CFF65C2040D0EB00D1D58A /* Assets.xcassets */ = {isa = PBXFileReference; lastKnownFileType = folder.assetcatalog; path = Assets.xcassets; sourceTree = "<group>"; };
		B9CFF65F2040D0EB00D1D58A /* Base */ = {isa = PBXFileReference; lastKnownFileType = file.storyboard; name = Base; path = Base.lproj/LaunchScreen.storyboard; sourceTree = "<group>"; };
		B9CFF6612040D0EB00D1D58A /* Info.plist */ = {isa = PBXFileReference; lastKnownFileType = text.plist.xml; path = Info.plist; sourceTree = "<group>"; };
		B9CFF6852040D13D00D1D58A /* sfx_swipe.caf */ = {isa = PBXFileReference; lastKnownFileType = file; path = sfx_swipe.caf; sourceTree = "<group>"; };
		B9CFF6872040D14E00D1D58A /* MSButton.swift */ = {isa = PBXFileReference; lastKnownFileType = sourcecode.swift; path = MSButton.swift; sourceTree = "<group>"; };
		B9CFF6892040D2F400D1D58A /* assets.atlas */ = {isa = PBXFileReference; lastKnownFileType = folder.skatlas; path = assets.atlas; sourceTree = "<group>"; };
		B9FE4A2D2040EFAA004804C3 /* SushiPiece.swift */ = {isa = PBXFileReference; lastKnownFileType = sourcecode.swift; path = SushiPiece.swift; sourceTree = "<group>"; };
/* End PBXFileReference section */

/* Begin PBXFrameworksBuildPhase section */
		B9CFF6492040D0EB00D1D58A /* Frameworks */ = {
			isa = PBXFrameworksBuildPhase;
			buildActionMask = 2147483647;
			files = (
			);
			runOnlyForDeploymentPostprocessing = 0;
		};
/* End PBXFrameworksBuildPhase section */

/* Begin PBXGroup section */
		B9CFF6432040D0EB00D1D58A = {
			isa = PBXGroup;
			children = (
				B9CFF6892040D2F400D1D58A /* assets.atlas */,
				B9CFF6842040D13D00D1D58A /* SFX */,
				B9CFF64E2040D0EB00D1D58A /* SushiNeko */,
				B9CFF64D2040D0EB00D1D58A /* Products */,
			);
			sourceTree = "<group>";
		};
		B9CFF64D2040D0EB00D1D58A /* Products */ = {
			isa = PBXGroup;
			children = (
				B9CFF64C2040D0EB00D1D58A /* SushiNeko.app */,
			);
			name = Products;
			sourceTree = "<group>";
		};
		B9CFF64E2040D0EB00D1D58A /* SushiNeko */ = {
			isa = PBXGroup;
			children = (
				B9CFF64F2040D0EB00D1D58A /* AppDelegate.swift */,
				B9CFF6512040D0EB00D1D58A /* GameScene.sks */,
				B9CFF6532040D0EB00D1D58A /* Actions.sks */,
				B9CFF6552040D0EB00D1D58A /* GameScene.swift */,
				B9FE4A2D2040EFAA004804C3 /* SushiPiece.swift */,
				B9CFF6572040D0EB00D1D58A /* GameViewController.swift */,
				B9CFF6872040D14E00D1D58A /* MSButton.swift */,
				B9CFF6592040D0EB00D1D58A /* Main.storyboard */,
				B9CFF65C2040D0EB00D1D58A /* Assets.xcassets */,
				B9CFF65E2040D0EB00D1D58A /* LaunchScreen.storyboard */,
				B9CFF6612040D0EB00D1D58A /* Info.plist */,
			);
			path = SushiNeko;
			sourceTree = "<group>";
		};
		B9CFF6842040D13D00D1D58A /* SFX */ = {
			isa = PBXGroup;
			children = (
				B9CFF6852040D13D00D1D58A /* sfx_swipe.caf */,
			);
			path = SFX;
			sourceTree = "<group>";
		};
/* End PBXGroup section */

/* Begin PBXNativeTarget section */
		B9CFF64B2040D0EB00D1D58A /* SushiNeko */ = {
			isa = PBXNativeTarget;
			buildConfigurationList = B9CFF6642040D0EB00D1D58A /* Build configuration list for PBXNativeTarget "SushiNeko" */;
			buildPhases = (
				B9CFF6482040D0EB00D1D58A /* Sources */,
				B9CFF6492040D0EB00D1D58A /* Frameworks */,
				B9CFF64A2040D0EB00D1D58A /* Resources */,
			);
			buildRules = (
			);
			dependencies = (
			);
			name = SushiNeko;
			productName = SushiNeko;
			productReference = B9CFF64C2040D0EB00D1D58A /* SushiNeko.app */;
			productType = "com.apple.product-type.application";
		};
/* End PBXNativeTarget section */

/* Begin PBXProject section */
		B9CFF6442040D0EB00D1D58A /* Project object */ = {
			isa = PBXProject;
			attributes = {
				LastSwiftUpdateCheck = 0920;
				LastUpgradeCheck = 0920;
				ORGANIZATIONNAME = "Phyllis Wong";
				TargetAttributes = {
					B9CFF64B2040D0EB00D1D58A = {
						CreatedOnToolsVersion = 9.2;
						ProvisioningStyle = Automatic;
					};
				};
			};
			buildConfigurationList = B9CFF6472040D0EB00D1D58A /* Build configuration list for PBXProject "SushiNeko" */;
			compatibilityVersion = "Xcode 8.0";
			developmentRegion = en;
			hasScannedForEncodings = 0;
			knownRegions = (
				en,
				Base,
			);
			mainGroup = B9CFF6432040D0EB00D1D58A;
			productRefGroup = B9CFF64D2040D0EB00D1D58A /* Products */;
			projectDirPath = "";
			projectRoot = "";
			targets = (
				B9CFF64B2040D0EB00D1D58A /* SushiNeko */,
			);
		};
/* End PBXProject section */

/* Begin PBXResourcesBuildPhase section */
		B9CFF64A2040D0EB00D1D58A /* Resources */ = {
			isa = PBXResourcesBuildPhase;
			buildActionMask = 2147483647;
			files = (
				B9CFF65B2040D0EB00D1D58A /* Main.storyboard in Resources */,
				B9CFF6862040D13D00D1D58A /* sfx_swipe.caf in Resources */,
				B9CFF6522040D0EB00D1D58A /* GameScene.sks in Resources */,
				B9CFF68A2040D2F400D1D58A /* assets.atlas in Resources */,
				B9CFF65D2040D0EB00D1D58A /* Assets.xcassets in Resources */,
				B9CFF6602040D0EB00D1D58A /* LaunchScreen.storyboard in Resources */,
				B9CFF6542040D0EB00D1D58A /* Actions.sks in Resources */,
			);
			runOnlyForDeploymentPostprocessing = 0;
		};
/* End PBXResourcesBuildPhase section */

/* Begin PBXSourcesBuildPhase section */
		B9CFF6482040D0EB00D1D58A /* Sources */ = {
			isa = PBXSourcesBuildPhase;
			buildActionMask = 2147483647;
			files = (
				B9CFF6562040D0EB00D1D58A /* GameScene.swift in Sources */,
				B9CFF6882040D14E00D1D58A /* MSButton.swift in Sources */,
				B9CFF6582040D0EB00D1D58A /* GameViewController.swift in Sources */,
				B9FE4A2E2040EFAA004804C3 /* SushiPiece.swift in Sources */,
				B9CFF6502040D0EB00D1D58A /* AppDelegate.swift in Sources */,
			);
			runOnlyForDeploymentPostprocessing = 0;
		};
/* End PBXSourcesBuildPhase section */

/* Begin PBXVariantGroup section */
		B9CFF6592040D0EB00D1D58A /* Main.storyboard */ = {
			isa = PBXVariantGroup;
			children = (
				B9CFF65A2040D0EB00D1D58A /* Base */,
			);
			name = Main.storyboard;
			sourceTree = "<group>";
		};
		B9CFF65E2040D0EB00D1D58A /* LaunchScreen.storyboard */ = {
			isa = PBXVariantGroup;
			children = (
				B9CFF65F2040D0EB00D1D58A /* Base */,
			);
			name = LaunchScreen.storyboard;
			sourceTree = "<group>";
		};
/* End PBXVariantGroup section */

/* Begin XCBuildConfiguration section */
		B9CFF6622040D0EB00D1D58A /* Debug */ = {
			isa = XCBuildConfiguration;
			buildSettings = {
				ALWAYS_SEARCH_USER_PATHS = NO;
				CLANG_ANALYZER_NONNULL = YES;
				CLANG_ANALYZER_NUMBER_OBJECT_CONVERSION = YES_AGGRESSIVE;
				CLANG_CXX_LANGUAGE_STANDARD = "gnu++14";
				CLANG_CXX_LIBRARY = "libc++";
				CLANG_ENABLE_MODULES = YES;
				CLANG_ENABLE_OBJC_ARC = YES;
				CLANG_WARN_BLOCK_CAPTURE_AUTORELEASING = YES;
				CLANG_WARN_BOOL_CONVERSION = YES;
				CLANG_WARN_COMMA = YES;
				CLANG_WARN_CONSTANT_CONVERSION = YES;
				CLANG_WARN_DIRECT_OBJC_ISA_USAGE = YES_ERROR;
				CLANG_WARN_DOCUMENTATION_COMMENTS = YES;
				CLANG_WARN_EMPTY_BODY = YES;
				CLANG_WARN_ENUM_CONVERSION = YES;
				CLANG_WARN_INFINITE_RECURSION = YES;
				CLANG_WARN_INT_CONVERSION = YES;
				CLANG_WARN_NON_LITERAL_NULL_CONVERSION = YES;
				CLANG_WARN_OBJC_LITERAL_CONVERSION = YES;
				CLANG_WARN_OBJC_ROOT_CLASS = YES_ERROR;
				CLANG_WARN_RANGE_LOOP_ANALYSIS = YES;
				CLANG_WARN_STRICT_PROTOTYPES = YES;
				CLANG_WARN_SUSPICIOUS_MOVE = YES;
				CLANG_WARN_UNGUARDED_AVAILABILITY = YES_AGGRESSIVE;
				CLANG_WARN_UNREACHABLE_CODE = YES;
				CLANG_WARN__DUPLICATE_METHOD_MATCH = YES;
				CODE_SIGN_IDENTITY = "iPhone Developer";
				COPY_PHASE_STRIP = NO;
				DEBUG_INFORMATION_FORMAT = dwarf;
				ENABLE_STRICT_OBJC_MSGSEND = YES;
				ENABLE_TESTABILITY = YES;
				GCC_C_LANGUAGE_STANDARD = gnu11;
				GCC_DYNAMIC_NO_PIC = NO;
				GCC_NO_COMMON_BLOCKS = YES;
				GCC_OPTIMIZATION_LEVEL = 0;
				GCC_PREPROCESSOR_DEFINITIONS = (
					"DEBUG=1",
					"$(inherited)",
				);
				GCC_WARN_64_TO_32_BIT_CONVERSION = YES;
				GCC_WARN_ABOUT_RETURN_TYPE = YES_ERROR;
				GCC_WARN_UNDECLARED_SELECTOR = YES;
				GCC_WARN_UNINITIALIZED_AUTOS = YES_AGGRESSIVE;
				GCC_WARN_UNUSED_FUNCTION = YES;
				GCC_WARN_UNUSED_VARIABLE = YES;
				IPHONEOS_DEPLOYMENT_TARGET = 11.2;
				MTL_ENABLE_DEBUG_INFO = YES;
				ONLY_ACTIVE_ARCH = YES;
				SDKROOT = iphoneos;
				SWIFT_ACTIVE_COMPILATION_CONDITIONS = DEBUG;
				SWIFT_OPTIMIZATION_LEVEL = "-Onone";
			};
			name = Debug;
		};
		B9CFF6632040D0EB00D1D58A /* Release */ = {
			isa = XCBuildConfiguration;
			buildSettings = {
				ALWAYS_SEARCH_USER_PATHS = NO;
				CLANG_ANALYZER_NONNULL = YES;
				CLANG_ANALYZER_NUMBER_OBJECT_CONVERSION = YES_AGGRESSIVE;
				CLANG_CXX_LANGUAGE_STANDARD = "gnu++14";
				CLANG_CXX_LIBRARY = "libc++";
				CLANG_ENABLE_MODULES = YES;
				CLANG_ENABLE_OBJC_ARC = YES;
				CLANG_WARN_BLOCK_CAPTURE_AUTORELEASING = YES;
				CLANG_WARN_BOOL_CONVERSION = YES;
				CLANG_WARN_COMMA = YES;
				CLANG_WARN_CONSTANT_CONVERSION = YES;
				CLANG_WARN_DIRECT_OBJC_ISA_USAGE = YES_ERROR;
				CLANG_WARN_DOCUMENTATION_COMMENTS = YES;
				CLANG_WARN_EMPTY_BODY = YES;
				CLANG_WARN_ENUM_CONVERSION = YES;
				CLANG_WARN_INFINITE_RECURSION = YES;
				CLANG_WARN_INT_CONVERSION = YES;
				CLANG_WARN_NON_LITERAL_NULL_CONVERSION = YES;
				CLANG_WARN_OBJC_LITERAL_CONVERSION = YES;
				CLANG_WARN_OBJC_ROOT_CLASS = YES_ERROR;
				CLANG_WARN_RANGE_LOOP_ANALYSIS = YES;
				CLANG_WARN_STRICT_PROTOTYPES = YES;
				CLANG_WARN_SUSPICIOUS_MOVE = YES;
				CLANG_WARN_UNGUARDED_AVAILABILITY = YES_AGGRESSIVE;
				CLANG_WARN_UNREACHABLE_CODE = YES;
				CLANG_WARN__DUPLICATE_METHOD_MATCH = YES;
				CODE_SIGN_IDENTITY = "iPhone Developer";
				COPY_PHASE_STRIP = NO;
				DEBUG_INFORMATION_FORMAT = "dwarf-with-dsym";
				ENABLE_NS_ASSERTIONS = NO;
				ENABLE_STRICT_OBJC_MSGSEND = YES;
				GCC_C_LANGUAGE_STANDARD = gnu11;
				GCC_NO_COMMON_BLOCKS = YES;
				GCC_WARN_64_TO_32_BIT_CONVERSION = YES;
				GCC_WARN_ABOUT_RETURN_TYPE = YES_ERROR;
				GCC_WARN_UNDECLARED_SELECTOR = YES;
				GCC_WARN_UNINITIALIZED_AUTOS = YES_AGGRESSIVE;
				GCC_WARN_UNUSED_FUNCTION = YES;
				GCC_WARN_UNUSED_VARIABLE = YES;
				IPHONEOS_DEPLOYMENT_TARGET = 11.2;
				MTL_ENABLE_DEBUG_INFO = NO;
				SDKROOT = iphoneos;
				SWIFT_OPTIMIZATION_LEVEL = "-Owholemodule";
				VALIDATE_PRODUCT = YES;
			};
			name = Release;
		};
		B9CFF6652040D0EB00D1D58A /* Debug */ = {
			isa = XCBuildConfiguration;
			buildSettings = {
				ASSETCATALOG_COMPILER_APPICON_NAME = AppIcon;
				CODE_SIGN_STYLE = Automatic;
				DEVELOPMENT_TEAM = S44SNCV32X;
				INFOPLIST_FILE = SushiNeko/Info.plist;
				LD_RUNPATH_SEARCH_PATHS = "$(inherited) @executable_path/Frameworks";
				PRODUCT_BUNDLE_IDENTIFIER = com.phyllisApps.SushiNeko;
				PRODUCT_NAME = "$(TARGET_NAME)";
				SWIFT_VERSION = 4.0;
				TARGETED_DEVICE_FAMILY = "1,2";
			};
			name = Debug;
		};
		B9CFF6662040D0EB00D1D58A /* Release */ = {
			isa = XCBuildConfiguration;
			buildSettings = {
				ASSETCATALOG_COMPILER_APPICON_NAME = AppIcon;
				CODE_SIGN_STYLE = Automatic;
				DEVELOPMENT_TEAM = S44SNCV32X;
				INFOPLIST_FILE = SushiNeko/Info.plist;
				LD_RUNPATH_SEARCH_PATHS = "$(inherited) @executable_path/Frameworks";
				PRODUCT_BUNDLE_IDENTIFIER = com.phyllisApps.SushiNeko;
				PRODUCT_NAME = "$(TARGET_NAME)";
				SWIFT_VERSION = 4.0;
				TARGETED_DEVICE_FAMILY = "1,2";
			};
			name = Release;
		};
/* End XCBuildConfiguration section */

/* Begin XCConfigurationList section */
		B9CFF6472040D0EB00D1D58A /* Build configuration list for PBXProject "SushiNeko" */ = {
			isa = XCConfigurationList;
			buildConfigurations = (
				B9CFF6622040D0EB00D1D58A /* Debug */,
				B9CFF6632040D0EB00D1D58A /* Release */,
			);
			defaultConfigurationIsVisible = 0;
			defaultConfigurationName = Release;
		};
		B9CFF6642040D0EB00D1D58A /* Build configuration list for PBXNativeTarget "SushiNeko" */ = {
			isa = XCConfigurationList;
			buildConfigurations = (
				B9CFF6652040D0EB00D1D58A /* Debug */,
				B9CFF6662040D0EB00D1D58A /* Release */,
			);
			defaultConfigurationIsVisible = 0;
			defaultConfigurationName = Release;
		};
/* End XCConfigurationList section */
	};
	rootObject = B9CFF6442040D0EB00D1D58A /* Project object */;
}
